
Microsoft Visual Studio Solution File, Format Version 12.00
# Visual Studio Version 17
VisualStudioVersion = 17.4.33213.308
MinimumVisualStudioVersion = 10.0.40219.1
Project("{9A19103F-16F7-4668-BE54-9A1E7A4F7556}") = "Ksu.Cis300.Nim", "Ksu.Cis300.Nim\Ksu.Cis300.Nim.csproj", "{9BCE54AF-FB76-490C-9D8E-55070BC8CE29}"
EndProject
Project("{9A19103F-16F7-4668-BE54-9A1E7A4F7556}") = "Ksu.Cis300.NimBoard.Tests", "Ksu.Cis300.NimBoard.Tests\Ksu.Cis300.NimBoard.Tests.csproj", "{1C7F211C-F4C5-440E-9239-D33B57C6AC33}"
EndProject
Project("{9A19103F-16F7-4668-BE54-9A1E7A4F7556}") = "Ksu.Cis300.NimBoard", "Ksu.Cis300.NimBoard\Ksu.Cis300.NimBoard.csproj", "{2747F2D6-0A10-415C-BBB8-828168FE8DD3}"
EndProject
Global
	GlobalSection(SolutionConfigurationPlatforms) = preSolution
		Autograding|Any CPU = Autograding|Any CPU
		Debug|Any CPU = Debug|Any CPU
		Release|Any CPU = Release|Any CPU
	EndGlobalSection
	GlobalSection(ProjectConfigurationPlatforms) = postSolution
		{9BCE54AF-FB76-490C-9D8E-55070BC8CE29}.Autograding|Any CPU.ActiveCfg = Autograding|Any CPU
		{9BCE54AF-FB76-490C-9D8E-55070BC8CE29}.Debug|Any CPU.ActiveCfg = Debug|Any CPU
		{9BCE54AF-FB76-490C-9D8E-55070BC8CE29}.Debug|Any CPU.Build.0 = Debug|Any CPU
		{9BCE54AF-FB76-490C-9D8E-55070BC8CE29}.Release|Any CPU.ActiveCfg = Release|Any CPU
		{9BCE54AF-FB76-490C-9D8E-55070BC8CE29}.Release|Any CPU.Build.0 = Release|Any CPU
		{1C7F211C-F4C5-440E-9239-D33B57C6AC33}.Autograding|Any CPU.ActiveCfg = Autograding|Any CPU
		{1C7F211C-F4C5-440E-9239-D33B57C6AC33}.Autograding|Any CPU.Build.0 = Autograding|Any CPU
		{1C7F211C-F4C5-440E-9239-D33B57C6AC33}.Debug|Any CPU.ActiveCfg = Debug|Any CPU
		{1C7F211C-F4C5-440E-9239-D33B57C6AC33}.Debug|Any CPU.Build.0 = Debug|Any CPU
		{1C7F211C-F4C5-440E-9239-D33B57C6AC33}.Release|Any CPU.ActiveCfg = Release|Any CPU
		{1C7F211C-F4C5-440E-9239-D33B57C6AC33}.Release|Any CPU.Build.0 = Release|Any CPU
		{2747F2D6-0A10-415C-BBB8-828168FE8DD3}.Autograding|Any CPU.ActiveCfg = Autograding|Any CPU
		{2747F2D6-0A10-415C-BBB8-828168FE8DD3}.Autograding|Any CPU.Build.0 = Autograding|Any CPU
		{2747F2D6-0A10-415C-BBB8-828168FE8DD3}.Debug|Any CPU.ActiveCfg = Debug|Any CPU
		{2747F2D6-0A10-415C-BBB8-828168FE8DD3}.Debug|Any CPU.Build.0 = Debug|Any CPU
		{2747F2D6-0A10-415C-BBB8-828168FE8DD3}.Release|Any CPU.ActiveCfg = Release|Any CPU
		{2747F2D6-0A10-415C-BBB8-828168FE8DD3}.Release|Any CPU.Build.0 = Release|Any CPU
	EndGlobalSection
	GlobalSection(SolutionProperties) = preSolution
		HideSolutionNode = FALSE
	EndGlobalSection
	GlobalSection(ExtensibilityGlobals) = postSolution
		SolutionGuid = {5174A374-4FE6-4DAF-AD22-759E6B79A849}
	EndGlobalSection
EndGlobal
