
Microsoft Visual Studio Solution File, Format Version 12.00
# Visual Studio Version 17
VisualStudioVersion = 17.4.33213.308
MinimumVisualStudioVersion = 10.0.40219.1
Project("{FAE04EC0-301F-11D3-BF4B-00C04F79EFBC}") = "Ksu.Cis300.Prefixes", "Ksu.Cis300.Prefixes\Ksu.Cis300.Prefixes.csproj", "{8B7B1316-1A28-464A-8647-CC37221A84D3}"
EndProject
Project("{9A19103F-16F7-4668-BE54-9A1E7A4F7556}") = "Ksu.Cis300.TrieLibrary", "Ksu.Cis300.TrieLibrary\Ksu.Cis300.TrieLibrary.csproj", "{F7EB2AF8-9490-4ECD-8E46-AA4702653860}"
EndProject
Global
	GlobalSection(SolutionConfigurationPlatforms) = preSolution
		Autograding|Any CPU = Autograding|Any CPU
		Debug|Any CPU = Debug|Any CPU
		Release|Any CPU = Release|Any CPU
	EndGlobalSection
	GlobalSection(ProjectConfigurationPlatforms) = postSolution
		{8B7B1316-1A28-464A-8647-CC37221A84D3}.Autograding|Any CPU.ActiveCfg = Debug|Any CPU
		{8B7B1316-1A28-464A-8647-CC37221A84D3}.Autograding|Any CPU.Build.0 = Debug|Any CPU
		{8B7B1316-1A28-464A-8647-CC37221A84D3}.Debug|Any CPU.ActiveCfg = Debug|Any CPU
		{8B7B1316-1A28-464A-8647-CC37221A84D3}.Debug|Any CPU.Build.0 = Debug|Any CPU
		{8B7B1316-1A28-464A-8647-CC37221A84D3}.Release|Any CPU.ActiveCfg = Release|Any CPU
		{8B7B1316-1A28-464A-8647-CC37221A84D3}.Release|Any CPU.Build.0 = Release|Any CPU
		{F7EB2AF8-9490-4ECD-8E46-AA4702653860}.Autograding|Any CPU.ActiveCfg = Autograding|Any CPU
		{F7EB2AF8-9490-4ECD-8E46-AA4702653860}.Autograding|Any CPU.Build.0 = Autograding|Any CPU
		{F7EB2AF8-9490-4ECD-8E46-AA4702653860}.Debug|Any CPU.ActiveCfg = Debug|Any CPU
		{F7EB2AF8-9490-4ECD-8E46-AA4702653860}.Debug|Any CPU.Build.0 = Debug|Any CPU
		{F7EB2AF8-9490-4ECD-8E46-AA4702653860}.Release|Any CPU.ActiveCfg = Release|Any CPU
		{F7EB2AF8-9490-4ECD-8E46-AA4702653860}.Release|Any CPU.Build.0 = Release|Any CPU
	EndGlobalSection
	GlobalSection(SolutionProperties) = preSolution
		HideSolutionNode = FALSE
	EndGlobalSection
	GlobalSection(ExtensibilityGlobals) = postSolution
		SolutionGuid = {2E16DC16-8378-47A7-AACA-6BC317E72A5F}
	EndGlobalSection
EndGlobal
