
Microsoft Visual Studio Solution File, Format Version 12.00
# Visual Studio Version 17
VisualStudioVersion = 17.4.33213.308
MinimumVisualStudioVersion = 10.0.40219.1
Project("{FAE04EC0-301F-11D3-BF4B-00C04F79EFBC}") = "Ksu.Cis300.SortLibrary", "Ksu.Cis300.SortLibrary\Ksu.Cis300.SortLibrary.csproj", "{B0D41E90-2783-443E-B674-67ADEC430466}"
EndProject
Project("{FAE04EC0-301F-11D3-BF4B-00C04F79EFBC}") = "Ksu.Cis300.SortLibrary.Tests", "Ksu.Cis300.SortLibrary.Tests\Ksu.Cis300.SortLibrary.Tests.csproj", "{EE274022-B1C9-42BE-A974-E246474E26F0}"
EndProject
Global
	GlobalSection(SolutionConfigurationPlatforms) = preSolution
		Debug|Any CPU = Debug|Any CPU
		Release|Any CPU = Release|Any CPU
	EndGlobalSection
	GlobalSection(ProjectConfigurationPlatforms) = postSolution
		{B0D41E90-2783-443E-B674-67ADEC430466}.Debug|Any CPU.ActiveCfg = Debug|Any CPU
		{B0D41E90-2783-443E-B674-67ADEC430466}.Debug|Any CPU.Build.0 = Debug|Any CPU
		{B0D41E90-2783-443E-B674-67ADEC430466}.Release|Any CPU.ActiveCfg = Release|Any CPU
		{B0D41E90-2783-443E-B674-67ADEC430466}.Release|Any CPU.Build.0 = Release|Any CPU
		{EE274022-B1C9-42BE-A974-E246474E26F0}.Debug|Any CPU.ActiveCfg = Debug|Any CPU
		{EE274022-B1C9-42BE-A974-E246474E26F0}.Debug|Any CPU.Build.0 = Debug|Any CPU
		{EE274022-B1C9-42BE-A974-E246474E26F0}.Release|Any CPU.ActiveCfg = Release|Any CPU
		{EE274022-B1C9-42BE-A974-E246474E26F0}.Release|Any CPU.Build.0 = Release|Any CPU
	EndGlobalSection
	GlobalSection(SolutionProperties) = preSolution
		HideSolutionNode = FALSE
	EndGlobalSection
	GlobalSection(ExtensibilityGlobals) = postSolution
		SolutionGuid = {9123C019-04F5-494C-ABC0-19A257C9C9CF}
	EndGlobalSection
EndGlobal
