
Microsoft Visual Studio Solution File, Format Version 12.00
# Visual Studio Version 17
VisualStudioVersion = 17.4.33213.308
MinimumVisualStudioVersion = 10.0.40219.1
Project("{FAE04EC0-301F-11D3-BF4B-00C04F79EFBC}") = "Ksu.Cis300.PriorityQueueLibrary", "Ksu.Cis300.PriorityQueueLibrary\Ksu.Cis300.PriorityQueueLibrary.csproj", "{F1037470-4379-4522-AD59-2743BB031B1B}"
EndProject
Project("{FAE04EC0-301F-11D3-BF4B-00C04F79EFBC}") = "Ksu.Cis300.PriorityQueueLibrary.Tests", "Ksu.Cis300.PriorityQueueLibrary.Tests\Ksu.Cis300.PriorityQueueLibrary.Tests.csproj", "{C78CE02F-382C-4CBF-8EFE-D428DB0EBBF6}"
EndProject
Global
	GlobalSection(SolutionConfigurationPlatforms) = preSolution
		Debug|Any CPU = Debug|Any CPU
		Release|Any CPU = Release|Any CPU
	EndGlobalSection
	GlobalSection(ProjectConfigurationPlatforms) = postSolution
		{F1037470-4379-4522-AD59-2743BB031B1B}.Debug|Any CPU.ActiveCfg = Debug|Any CPU
		{F1037470-4379-4522-AD59-2743BB031B1B}.Debug|Any CPU.Build.0 = Debug|Any CPU
		{F1037470-4379-4522-AD59-2743BB031B1B}.Release|Any CPU.ActiveCfg = Release|Any CPU
		{F1037470-4379-4522-AD59-2743BB031B1B}.Release|Any CPU.Build.0 = Release|Any CPU
		{C78CE02F-382C-4CBF-8EFE-D428DB0EBBF6}.Debug|Any CPU.ActiveCfg = Debug|Any CPU
		{C78CE02F-382C-4CBF-8EFE-D428DB0EBBF6}.Debug|Any CPU.Build.0 = Debug|Any CPU
		{C78CE02F-382C-4CBF-8EFE-D428DB0EBBF6}.Release|Any CPU.ActiveCfg = Release|Any CPU
		{C78CE02F-382C-4CBF-8EFE-D428DB0EBBF6}.Release|Any CPU.Build.0 = Release|Any CPU
	EndGlobalSection
	GlobalSection(SolutionProperties) = preSolution
		HideSolutionNode = FALSE
	EndGlobalSection
	GlobalSection(ExtensibilityGlobals) = postSolution
		SolutionGuid = {BA9479F4-0848-4F08-83A0-991A78EBD092}
	EndGlobalSection
EndGlobal
