
Microsoft Visual Studio Solution File, Format Version 12.00
# Visual Studio Version 17
VisualStudioVersion = 17.4.33213.308
MinimumVisualStudioVersion = 10.0.40219.1
Project("{FAE04EC0-301F-11D3-BF4B-00C04F79EFBC}") = "Ksu.Cis300.MaximumOutgoingSum", "Ksu.Cis300.MaximumOutgoingSum\Ksu.Cis300.MaximumOutgoingSum.csproj", "{752168A6-13F7-4A23-9056-59006A1B2893}"
EndProject
Global
	GlobalSection(SolutionConfigurationPlatforms) = preSolution
		Debug|Any CPU = Debug|Any CPU
		Release|Any CPU = Release|Any CPU
	EndGlobalSection
	GlobalSection(ProjectConfigurationPlatforms) = postSolution
		{752168A6-13F7-4A23-9056-59006A1B2893}.Debug|Any CPU.ActiveCfg = Debug|Any CPU
		{752168A6-13F7-4A23-9056-59006A1B2893}.Debug|Any CPU.Build.0 = Debug|Any CPU
		{752168A6-13F7-4A23-9056-59006A1B2893}.Release|Any CPU.ActiveCfg = Release|Any CPU
		{752168A6-13F7-4A23-9056-59006A1B2893}.Release|Any CPU.Build.0 = Release|Any CPU
	EndGlobalSection
	GlobalSection(SolutionProperties) = preSolution
		HideSolutionNode = FALSE
	EndGlobalSection
	GlobalSection(ExtensibilityGlobals) = postSolution
		SolutionGuid = {C8E2E179-494A-40FF-AE1F-4A82006E48F8}
	EndGlobalSection
EndGlobal
