
Microsoft Visual Studio Solution File, Format Version 12.00
# Visual Studio Version 16
VisualStudioVersion = 16.0.31613.86
MinimumVisualStudioVersion = 10.0.40219.1
Project("{FAE04EC0-301F-11D3-BF4B-00C04F79EFBC}") = "Ksu.Cis300.Sudoku", "Ksu.Cis300.Sudoku\Ksu.Cis300.Sudoku.csproj", "{9B49654B-63FA-4FB6-8A17-372E2D0B9834}"
EndProject
Project("{FAE04EC0-301F-11D3-BF4B-00C04F79EFBC}") = "Ksu.Cis300.Sudoku.Tests", "Ksu.Cis300.Sudoku.Tests\Ksu.Cis300.Sudoku.Tests.csproj", "{3C28D12F-0819-4469-8823-6AB3935FC1F1}"
EndProject
Global
	GlobalSection(SolutionConfigurationPlatforms) = preSolution
		Debug|Any CPU = Debug|Any CPU
		Release|Any CPU = Release|Any CPU
	EndGlobalSection
	GlobalSection(ProjectConfigurationPlatforms) = postSolution
		{9B49654B-63FA-4FB6-8A17-372E2D0B9834}.Debug|Any CPU.ActiveCfg = Debug|Any CPU
		{9B49654B-63FA-4FB6-8A17-372E2D0B9834}.Debug|Any CPU.Build.0 = Debug|Any CPU
		{9B49654B-63FA-4FB6-8A17-372E2D0B9834}.Release|Any CPU.ActiveCfg = Release|Any CPU
		{9B49654B-63FA-4FB6-8A17-372E2D0B9834}.Release|Any CPU.Build.0 = Release|Any CPU
		{3C28D12F-0819-4469-8823-6AB3935FC1F1}.Debug|Any CPU.ActiveCfg = Debug|Any CPU
		{3C28D12F-0819-4469-8823-6AB3935FC1F1}.Debug|Any CPU.Build.0 = Debug|Any CPU
		{3C28D12F-0819-4469-8823-6AB3935FC1F1}.Release|Any CPU.ActiveCfg = Release|Any CPU
		{3C28D12F-0819-4469-8823-6AB3935FC1F1}.Release|Any CPU.Build.0 = Release|Any CPU
	EndGlobalSection
	GlobalSection(SolutionProperties) = preSolution
		HideSolutionNode = FALSE
	EndGlobalSection
	GlobalSection(ExtensibilityGlobals) = postSolution
		SolutionGuid = {33236F93-AA6F-43AC-AECA-8EFCBFFD456C}
	EndGlobalSection
EndGlobal
