
Microsoft Visual Studio Solution File, Format Version 12.00
# Visual Studio Version 17
VisualStudioVersion = 17.4.33213.308
MinimumVisualStudioVersion = 10.0.40219.1
Project("{FAE04EC0-301F-11D3-BF4B-00C04F79EFBC}") = "Ksu.Cis300.TrieLibrary", "Ksu.Cis300.TrieLibrary\Ksu.Cis300.TrieLibrary.csproj", "{80CECD02-F9AD-4A29-9C36-B75EC56330BF}"
EndProject
Project("{9A19103F-16F7-4668-BE54-9A1E7A4F7556}") = "Ksu.Cis300.TrieLibrary.Tests", "Ksu.Cis300.TrieLibrary.Tests\Ksu.Cis300.TrieLibrary.Tests.csproj", "{D50CDD6A-6FE2-40DD-B0C7-FFA7229BD451}"
EndProject
Global
	GlobalSection(SolutionConfigurationPlatforms) = preSolution
		Autograding|Any CPU = Autograding|Any CPU
		Debug|Any CPU = Debug|Any CPU
		Release|Any CPU = Release|Any CPU
	EndGlobalSection
	GlobalSection(ProjectConfigurationPlatforms) = postSolution
		{80CECD02-F9AD-4A29-9C36-B75EC56330BF}.Autograding|Any CPU.ActiveCfg = Autograding|Any CPU
		{80CECD02-F9AD-4A29-9C36-B75EC56330BF}.Autograding|Any CPU.Build.0 = Autograding|Any CPU
		{80CECD02-F9AD-4A29-9C36-B75EC56330BF}.Debug|Any CPU.ActiveCfg = Debug|Any CPU
		{80CECD02-F9AD-4A29-9C36-B75EC56330BF}.Debug|Any CPU.Build.0 = Debug|Any CPU
		{80CECD02-F9AD-4A29-9C36-B75EC56330BF}.Release|Any CPU.ActiveCfg = Release|Any CPU
		{80CECD02-F9AD-4A29-9C36-B75EC56330BF}.Release|Any CPU.Build.0 = Release|Any CPU
		{D50CDD6A-6FE2-40DD-B0C7-FFA7229BD451}.Autograding|Any CPU.ActiveCfg = Autograding|Any CPU
		{D50CDD6A-6FE2-40DD-B0C7-FFA7229BD451}.Autograding|Any CPU.Build.0 = Autograding|Any CPU
		{D50CDD6A-6FE2-40DD-B0C7-FFA7229BD451}.Debug|Any CPU.ActiveCfg = Debug|Any CPU
		{D50CDD6A-6FE2-40DD-B0C7-FFA7229BD451}.Debug|Any CPU.Build.0 = Debug|Any CPU
		{D50CDD6A-6FE2-40DD-B0C7-FFA7229BD451}.Release|Any CPU.ActiveCfg = Release|Any CPU
		{D50CDD6A-6FE2-40DD-B0C7-FFA7229BD451}.Release|Any CPU.Build.0 = Release|Any CPU
	EndGlobalSection
	GlobalSection(SolutionProperties) = preSolution
		HideSolutionNode = FALSE
	EndGlobalSection
	GlobalSection(ExtensibilityGlobals) = postSolution
		SolutionGuid = {A24F992B-D696-490A-95BE-45A258A3D43C}
	EndGlobalSection
EndGlobal
